
Microsoft Visual Studio Solution File, Format Version 12.00
# Visual Studio Version 17
VisualStudioVersion = 17.9.34616.47
MinimumVisualStudioVersion = 10.0.40219.1
Project("{FAE04EC0-301F-11D3-BF4B-00C04F79EFBC}") = "Practice_ex", "Practice_ex\Practice_ex.csproj", "{93CAEE18-22D1-4465-B00A-AE0B06304084}"
EndProject
Global
	GlobalSection(SolutionConfigurationPlatforms) = preSolution
		Debug|Any CPU = Debug|Any CPU
		Release|Any CPU = Release|Any CPU
	EndGlobalSection
	GlobalSection(ProjectConfigurationPlatforms) = postSolution
		{93CAEE18-22D1-4465-B00A-AE0B06304084}.Debug|Any CPU.ActiveCfg = Debug|Any CPU
		{93CAEE18-22D1-4465-B00A-AE0B06304084}.Debug|Any CPU.Build.0 = Debug|Any CPU
		{93CAEE18-22D1-4465-B00A-AE0B06304084}.Release|Any CPU.ActiveCfg = Release|Any CPU
		{93CAEE18-22D1-4465-B00A-AE0B06304084}.Release|Any CPU.Build.0 = Release|Any CPU
	EndGlobalSection
	GlobalSection(SolutionProperties) = preSolution
		HideSolutionNode = FALSE
	EndGlobalSection
	GlobalSection(ExtensibilityGlobals) = postSolution
		SolutionGuid = {62265E35-3829-4851-BE65-D4240753F69F}
	EndGlobalSection
EndGlobal
